
Microsoft Visual Studio Solution File, Format Version 12.00
# Visual Studio Version 17
VisualStudioVersion = 17.4.33213.308
MinimumVisualStudioVersion = 10.0.40219.1
Project("{FAE04EC0-301F-11D3-BF4B-00C04F79EFBC}") = "AoC2024Puzzle2", "AoC2024Puzzle2.csproj", "{434D60FF-5B70-43B8-B5C1-F18A0F28AACC}"
EndProject
Global
	GlobalSection(SolutionConfigurationPlatforms) = preSolution
		Debug|Any CPU = Debug|Any CPU
		Release|Any CPU = Release|Any CPU
	EndGlobalSection
	GlobalSection(ProjectConfigurationPlatforms) = postSolution
		{434D60FF-5B70-43B8-B5C1-F18A0F28AACC}.Debug|Any CPU.ActiveCfg = Debug|Any CPU
		{434D60FF-5B70-43B8-B5C1-F18A0F28AACC}.Debug|Any CPU.Build.0 = Debug|Any CPU
		{434D60FF-5B70-43B8-B5C1-F18A0F28AACC}.Release|Any CPU.ActiveCfg = Release|Any CPU
		{434D60FF-5B70-43B8-B5C1-F18A0F28AACC}.Release|Any CPU.Build.0 = Release|Any CPU
	EndGlobalSection
	GlobalSection(SolutionProperties) = preSolution
		HideSolutionNode = FALSE
	EndGlobalSection
	GlobalSection(ExtensibilityGlobals) = postSolution
		SolutionGuid = {291F7470-E25A-4C21-B7B9-847CA3D442F2}
	EndGlobalSection
EndGlobal
